{{ if .Values.redisinsight.enabled }}
apiVersion: v1
kind: PersistentVolumeClaim
metadata:
  name: config-redisinsight-block
  annotations:
    helm.sh/resource-policy: keep
spec:
  accessModes:
  - ReadWriteOnce
  resources:
    requests:
      storage: 1Gi
  storageClassName: ceph-block-ssd
{{ end }}